
Microsoft Visual Studio Solution File, Format Version 12.00
# Visual Studio Version 16
VisualStudioVersion = 16.0.30011.22
MinimumVisualStudioVersion = 10.0.40219.1
Project("{FAE04EC0-301F-11D3-BF4B-00C04F79EFBC}") = "eShop", "eShop\eShop.csproj", "{7B548DBC-AC7C-42B3-B2DB-579C53397D15}"
EndProject
Global
	GlobalSection(SolutionConfigurationPlatforms) = preSolution
		Debug|Any CPU = Debug|Any CPU
		Release|Any CPU = Release|Any CPU
	EndGlobalSection
	GlobalSection(ProjectConfigurationPlatforms) = postSolution
		{7B548DBC-AC7C-42B3-B2DB-579C53397D15}.Debug|Any CPU.ActiveCfg = Debug|Any CPU
		{7B548DBC-AC7C-42B3-B2DB-579C53397D15}.Debug|Any CPU.Build.0 = Debug|Any CPU
		{7B548DBC-AC7C-42B3-B2DB-579C53397D15}.Release|Any CPU.ActiveCfg = Release|Any CPU
		{7B548DBC-AC7C-42B3-B2DB-579C53397D15}.Release|Any CPU.Build.0 = Release|Any CPU
	EndGlobalSection
	GlobalSection(SolutionProperties) = preSolution
		HideSolutionNode = FALSE
	EndGlobalSection
	GlobalSection(ExtensibilityGlobals) = postSolution
		SolutionGuid = {D3703910-A2D9-4346-A7BE-78EBCC7A4158}
	EndGlobalSection
EndGlobal
